[[package]]
name = "pybind11"
version = "2.6.2"
description = "Seamless operability between C++11 and Python"
category = "dev"
optional = false
python-versions = "!=3.0,!=3.1,!=3.2,!=3.3,!=3.4,>=2.7"

[package.extras]
global = ["pybind11-global (==2.6.2)"]

[metadata]
lock-version = "1.1"
python-versions = "^3.8"
content-hash = "01b33b05e6821f59bc5e8c5f4910e1046adb98026a09d8741e7c7cf756df7b1c"

[metadata.files]
pybind11 = [
    {file = "pybind11-2.6.2-py2.py3-none-any.whl", hash = "sha256:2d8aebe1709bc367e34e3b23d8eccbf3f387ee9d5640548c6260d33b59f02405"},
    {file = "pybind11-2.6.2.tar.gz", hash = "sha256:d0e0aed9279656f21501243b707eb6e3b951e89e10c3271dedf3ae41c365e5ed"},
]
